<Solution>
  <Project Path="GiftOfTheGivers.csproj" />
  <Project Path="GiftOfTheGivers.Functions/GiftOfTheGivers.Functions.csproj" />
  <Project Path="GiftOfTheGivers.Helpers/GiftOfTheGivers.Helpers.csproj" />
  <Project Path="GiftOfTheGivers.Tests/GiftOfTheGivers.Tests.csproj" />
  <Project Path="GiftOfTheGivers.IntegrationTests/GiftOfTheGivers.IntegrationTests.csproj" />
  <Project Path="GiftOfTheGivers.LoadTests/GiftOfTheGivers.LoadTests.csproj" />
  <Project Path="GiftOfTheGivers.UiTests/GiftOfTheGivers.UiTests.csproj" />
</Solution>
